// !$*UTF8*$!
{
	archiveVersion = 1;
	classes = {
	};
	objectVersion = 55;
	objects = {

/* Begin PBXBuildFile section */
		580AFDD029F8212600E1DAD8 /* AppDelegate.swift in Sources */ = {isa = PBXBuildFile; fileRef = 580AFDCF29F8212600E1DAD8 /* AppDelegate.swift */; };
		580AFDD229F8212600E1DAD8 /* SceneDelegate.swift in Sources */ = {isa = PBXBuildFile; fileRef = 580AFDD129F8212600E1DAD8 /* SceneDelegate.swift */; };
		580AFDD429F8212600E1DAD8 /* ViewController.swift in Sources */ = {isa = PBXBuildFile; fileRef = 580AFDD329F8212600E1DAD8 /* ViewController.swift */; };
		580AFDD729F8212600E1DAD8 /* Main.storyboard in Resources */ = {isa = PBXBuildFile; fileRef = 580AFDD529F8212600E1DAD8 /* Main.storyboard */; };
		580AFDD929F8212700E1DAD8 /* Assets.xcassets in Resources */ = {isa = PBXBuildFile; fileRef = 580AFDD829F8212700E1DAD8 /* Assets.xcassets */; };
		580AFDDC29F8212700E1DAD8 /* LaunchScreen.storyboard in Resources */ = {isa = PBXBuildFile; fileRef = 580AFDDA29F8212700E1DAD8 /* LaunchScreen.storyboard */; };
		580AFDE729F8212700E1DAD8 /* FirstTableTests.swift in Sources */ = {isa = PBXBuildFile; fileRef = 580AFDE629F8212700E1DAD8 /* FirstTableTests.swift */; };
		580AFDF129F8212700E1DAD8 /* FirstTableUITests.swift in Sources */ = {isa = PBXBuildFile; fileRef = 580AFDF029F8212700E1DAD8 /* FirstTableUITests.swift */; };
		580AFDF329F8212700E1DAD8 /* FirstTableUITestsLaunchTests.swift in Sources */ = {isa = PBXBuildFile; fileRef = 580AFDF229F8212700E1DAD8 /* FirstTableUITestsLaunchTests.swift */; };
		580AFE0029F827A900E1DAD8 /* ViewControllerDistrict.swift in Sources */ = {isa = PBXBuildFile; fileRef = 580AFDFF29F827A900E1DAD8 /* ViewControllerDistrict.swift */; };
		580AFE0229F8350800E1DAD8 /* DataClass.swift in Sources */ = {isa = PBXBuildFile; fileRef = 580AFE0129F8350800E1DAD8 /* DataClass.swift */; };
		580AFE0A29F85D4100E1DAD8 /* PresentManager.swift in Sources */ = {isa = PBXBuildFile; fileRef = 580AFE0929F85D4100E1DAD8 /* PresentManager.swift */; };
		580AFE0C29F8614300E1DAD8 /* ShowImageViewController.swift in Sources */ = {isa = PBXBuildFile; fileRef = 580AFE0B29F8614300E1DAD8 /* ShowImageViewController.swift */; };
		589142EC2A3109DC0092784C /* NetworkManager.swift in Sources */ = {isa = PBXBuildFile; fileRef = 589142EB2A3109DC0092784C /* NetworkManager.swift */; };
		589142EE2A310A410092784C /* CityModel.swift in Sources */ = {isa = PBXBuildFile; fileRef = 589142ED2A310A410092784C /* CityModel.swift */; };
		589142F02A310F7A0092784C /* LocalityModel.swift in Sources */ = {isa = PBXBuildFile; fileRef = 589142EF2A310F7A0092784C /* LocalityModel.swift */; };
		589142F22A32289B0092784C /* CityTableViewCell.swift in Sources */ = {isa = PBXBuildFile; fileRef = 589142F12A32289B0092784C /* CityTableViewCell.swift */; };
/* End PBXBuildFile section */

/* Begin PBXContainerItemProxy section */
		580AFDE329F8212700E1DAD8 /* PBXContainerItemProxy */ = {
			isa = PBXContainerItemProxy;
			containerPortal = 580AFDC429F8212600E1DAD8 /* Project object */;
			proxyType = 1;
			remoteGlobalIDString = 580AFDCB29F8212600E1DAD8;
			remoteInfo = FirstTable;
		};
		580AFDED29F8212700E1DAD8 /* PBXContainerItemProxy */ = {
			isa = PBXContainerItemProxy;
			containerPortal = 580AFDC429F8212600E1DAD8 /* Project object */;
			proxyType = 1;
			remoteGlobalIDString = 580AFDCB29F8212600E1DAD8;
			remoteInfo = FirstTable;
		};
/* End PBXContainerItemProxy section */

/* Begin PBXFileReference section */
		580AFDCC29F8212600E1DAD8 /* FirstTable.app */ = {isa = PBXFileReference; explicitFileType = wrapper.application; includeInIndex = 0; path = FirstTable.app; sourceTree = BUILT_PRODUCTS_DIR; };
		580AFDCF29F8212600E1DAD8 /* AppDelegate.swift */ = {isa = PBXFileReference; lastKnownFileType = sourcecode.swift; path = AppDelegate.swift; sourceTree = "<group>"; };
		580AFDD129F8212600E1DAD8 /* SceneDelegate.swift */ = {isa = PBXFileReference; lastKnownFileType = sourcecode.swift; path = SceneDelegate.swift; sourceTree = "<group>"; };
		580AFDD329F8212600E1DAD8 /* ViewController.swift */ = {isa = PBXFileReference; lastKnownFileType = sourcecode.swift; path = ViewController.swift; sourceTree = "<group>"; };
		580AFDD629F8212600E1DAD8 /* Base */ = {isa = PBXFileReference; lastKnownFileType = file.storyboard; name = Base; path = Base.lproj/Main.storyboard; sourceTree = "<group>"; };
		580AFDD829F8212700E1DAD8 /* Assets.xcassets */ = {isa = PBXFileReference; lastKnownFileType = folder.assetcatalog; path = Assets.xcassets; sourceTree = "<group>"; };
		580AFDDB29F8212700E1DAD8 /* Base */ = {isa = PBXFileReference; lastKnownFileType = file.storyboard; name = Base; path = Base.lproj/LaunchScreen.storyboard; sourceTree = "<group>"; };
		580AFDDD29F8212700E1DAD8 /* Info.plist */ = {isa = PBXFileReference; lastKnownFileType = text.plist.xml; path = Info.plist; sourceTree = "<group>"; };
		580AFDE229F8212700E1DAD8 /* FirstTableTests.xctest */ = {isa = PBXFileReference; explicitFileType = wrapper.cfbundle; includeInIndex = 0; path = FirstTableTests.xctest; sourceTree = BUILT_PRODUCTS_DIR; };
		580AFDE629F8212700E1DAD8 /* FirstTableTests.swift */ = {isa = PBXFileReference; lastKnownFileType = sourcecode.swift; path = FirstTableTests.swift; sourceTree = "<group>"; };
		580AFDEC29F8212700E1DAD8 /* FirstTableUITests.xctest */ = {isa = PBXFileReference; explicitFileType = wrapper.cfbundle; includeInIndex = 0; path = FirstTableUITests.xctest; sourceTree = BUILT_PRODUCTS_DIR; };
		580AFDF029F8212700E1DAD8 /* FirstTableUITests.swift */ = {isa = PBXFileReference; lastKnownFileType = sourcecode.swift; path = FirstTableUITests.swift; sourceTree = "<group>"; };
		580AFDF229F8212700E1DAD8 /* FirstTableUITestsLaunchTests.swift */ = {isa = PBXFileReference; lastKnownFileType = sourcecode.swift; path = FirstTableUITestsLaunchTests.swift; sourceTree = "<group>"; };
		580AFDFF29F827A900E1DAD8 /* ViewControllerDistrict.swift */ = {isa = PBXFileReference; lastKnownFileType = sourcecode.swift; path = ViewControllerDistrict.swift; sourceTree = "<group>"; };
		580AFE0129F8350800E1DAD8 /* DataClass.swift */ = {isa = PBXFileReference; lastKnownFileType = sourcecode.swift; path = DataClass.swift; sourceTree = "<group>"; };
		580AFE0929F85D4100E1DAD8 /* PresentManager.swift */ = {isa = PBXFileReference; lastKnownFileType = sourcecode.swift; path = PresentManager.swift; sourceTree = "<group>"; };
		580AFE0B29F8614300E1DAD8 /* ShowImageViewController.swift */ = {isa = PBXFileReference; lastKnownFileType = sourcecode.swift; path = ShowImageViewController.swift; sourceTree = "<group>"; };
		589142EB2A3109DC0092784C /* NetworkManager.swift */ = {isa = PBXFileReference; lastKnownFileType = sourcecode.swift; path = NetworkManager.swift; sourceTree = "<group>"; };
		589142ED2A310A410092784C /* CityModel.swift */ = {isa = PBXFileReference; lastKnownFileType = sourcecode.swift; path = CityModel.swift; sourceTree = "<group>"; };
		589142EF2A310F7A0092784C /* LocalityModel.swift */ = {isa = PBXFileReference; lastKnownFileType = sourcecode.swift; path = LocalityModel.swift; sourceTree = "<group>"; };
		589142F12A32289B0092784C /* CityTableViewCell.swift */ = {isa = PBXFileReference; lastKnownFileType = sourcecode.swift; path = CityTableViewCell.swift; sourceTree = "<group>"; };
/* End PBXFileReference section */

/* Begin PBXFrameworksBuildPhase section */
		580AFDC929F8212600E1DAD8 /* Frameworks */ = {
			isa = PBXFrameworksBuildPhase;
			buildActionMask = 2147483647;
			files = (
			);
			runOnlyForDeploymentPostprocessing = 0;
		};
		580AFDDF29F8212700E1DAD8 /* Frameworks */ = {
			isa = PBXFrameworksBuildPhase;
			buildActionMask = 2147483647;
			files = (
			);
			runOnlyForDeploymentPostprocessing = 0;
		};
		580AFDE929F8212700E1DAD8 /* Frameworks */ = {
			isa = PBXFrameworksBuildPhase;
			buildActionMask = 2147483647;
			files = (
			);
			runOnlyForDeploymentPostprocessing = 0;
		};
/* End PBXFrameworksBuildPhase section */

/* Begin PBXGroup section */
		580AFDC329F8212600E1DAD8 = {
			isa = PBXGroup;
			children = (
				580AFDCE29F8212600E1DAD8 /* FirstTable */,
				580AFDE529F8212700E1DAD8 /* FirstTableTests */,
				580AFDEF29F8212700E1DAD8 /* FirstTableUITests */,
				580AFDCD29F8212600E1DAD8 /* Products */,
			);
			sourceTree = "<group>";
		};
		580AFDCD29F8212600E1DAD8 /* Products */ = {
			isa = PBXGroup;
			children = (
				580AFDCC29F8212600E1DAD8 /* FirstTable.app */,
				580AFDE229F8212700E1DAD8 /* FirstTableTests.xctest */,
				580AFDEC29F8212700E1DAD8 /* FirstTableUITests.xctest */,
			);
			name = Products;
			sourceTree = "<group>";
		};
		580AFDCE29F8212600E1DAD8 /* FirstTable */ = {
			isa = PBXGroup;
			children = (
				580AFE0829F85D2D00E1DAD8 /* Maneger */,
				580AFE0729F85D1800E1DAD8 /* Resources */,
				580AFE0629F85CF900E1DAD8 /* Model */,
				580AFE0529F85CF200E1DAD8 /* View */,
				580AFE0429F85CE700E1DAD8 /* ViewController */,
				580AFE0329F85CCF00E1DAD8 /* Application */,
				580AFDDD29F8212700E1DAD8 /* Info.plist */,
			);
			path = FirstTable;
			sourceTree = "<group>";
		};
		580AFDE529F8212700E1DAD8 /* FirstTableTests */ = {
			isa = PBXGroup;
			children = (
				580AFDE629F8212700E1DAD8 /* FirstTableTests.swift */,
			);
			path = FirstTableTests;
			sourceTree = "<group>";
		};
		580AFDEF29F8212700E1DAD8 /* FirstTableUITests */ = {
			isa = PBXGroup;
			children = (
				580AFDF029F8212700E1DAD8 /* FirstTableUITests.swift */,
				580AFDF229F8212700E1DAD8 /* FirstTableUITestsLaunchTests.swift */,
			);
			path = FirstTableUITests;
			sourceTree = "<group>";
		};
		580AFE0329F85CCF00E1DAD8 /* Application */ = {
			isa = PBXGroup;
			children = (
				580AFDD129F8212600E1DAD8 /* SceneDelegate.swift */,
				580AFDCF29F8212600E1DAD8 /* AppDelegate.swift */,
			);
			path = Application;
			sourceTree = "<group>";
		};
		580AFE0429F85CE700E1DAD8 /* ViewController */ = {
			isa = PBXGroup;
			children = (
				580AFDD329F8212600E1DAD8 /* ViewController.swift */,
				589142F12A32289B0092784C /* CityTableViewCell.swift */,
				580AFDFF29F827A900E1DAD8 /* ViewControllerDistrict.swift */,
				580AFE0B29F8614300E1DAD8 /* ShowImageViewController.swift */,
			);
			path = ViewController;
			sourceTree = "<group>";
		};
		580AFE0529F85CF200E1DAD8 /* View */ = {
			isa = PBXGroup;
			children = (
				580AFDDA29F8212700E1DAD8 /* LaunchScreen.storyboard */,
				580AFDD529F8212600E1DAD8 /* Main.storyboard */,
			);
			path = View;
			sourceTree = "<group>";
		};
		580AFE0629F85CF900E1DAD8 /* Model */ = {
			isa = PBXGroup;
			children = (
				580AFE0129F8350800E1DAD8 /* DataClass.swift */,
				589142ED2A310A410092784C /* CityModel.swift */,
				589142EF2A310F7A0092784C /* LocalityModel.swift */,
			);
			path = Model;
			sourceTree = "<group>";
		};
		580AFE0729F85D1800E1DAD8 /* Resources */ = {
			isa = PBXGroup;
			children = (
				580AFDD829F8212700E1DAD8 /* Assets.xcassets */,
			);
			path = Resources;
			sourceTree = "<group>";
		};
		580AFE0829F85D2D00E1DAD8 /* Maneger */ = {
			isa = PBXGroup;
			children = (
				580AFE0929F85D4100E1DAD8 /* PresentManager.swift */,
				589142EB2A3109DC0092784C /* NetworkManager.swift */,
			);
			path = Maneger;
			sourceTree = "<group>";
		};
/* End PBXGroup section */

/* Begin PBXNativeTarget section */
		580AFDCB29F8212600E1DAD8 /* FirstTable */ = {
			isa = PBXNativeTarget;
			buildConfigurationList = 580AFDF629F8212700E1DAD8 /* Build configuration list for PBXNativeTarget "FirstTable" */;
			buildPhases = (
				580AFDC829F8212600E1DAD8 /* Sources */,
				580AFDC929F8212600E1DAD8 /* Frameworks */,
				580AFDCA29F8212600E1DAD8 /* Resources */,
			);
			buildRules = (
			);
			dependencies = (
			);
			name = FirstTable;
			productName = FirstTable;
			productReference = 580AFDCC29F8212600E1DAD8 /* FirstTable.app */;
			productType = "com.apple.product-type.application";
		};
		580AFDE129F8212700E1DAD8 /* FirstTableTests */ = {
			isa = PBXNativeTarget;
			buildConfigurationList = 580AFDF929F8212700E1DAD8 /* Build configuration list for PBXNativeTarget "FirstTableTests" */;
			buildPhases = (
				580AFDDE29F8212700E1DAD8 /* Sources */,
				580AFDDF29F8212700E1DAD8 /* Frameworks */,
				580AFDE029F8212700E1DAD8 /* Resources */,
			);
			buildRules = (
			);
			dependencies = (
				580AFDE429F8212700E1DAD8 /* PBXTargetDependency */,
			);
			name = FirstTableTests;
			productName = FirstTableTests;
			productReference = 580AFDE229F8212700E1DAD8 /* FirstTableTests.xctest */;
			productType = "com.apple.product-type.bundle.unit-test";
		};
		580AFDEB29F8212700E1DAD8 /* FirstTableUITests */ = {
			isa = PBXNativeTarget;
			buildConfigurationList = 580AFDFC29F8212700E1DAD8 /* Build configuration list for PBXNativeTarget "FirstTableUITests" */;
			buildPhases = (
				580AFDE829F8212700E1DAD8 /* Sources */,
				580AFDE929F8212700E1DAD8 /* Frameworks */,
				580AFDEA29F8212700E1DAD8 /* Resources */,
			);
			buildRules = (
			);
			dependencies = (
				580AFDEE29F8212700E1DAD8 /* PBXTargetDependency */,
			);
			name = FirstTableUITests;
			productName = FirstTableUITests;
			productReference = 580AFDEC29F8212700E1DAD8 /* FirstTableUITests.xctest */;
			productType = "com.apple.product-type.bundle.ui-testing";
		};
/* End PBXNativeTarget section */

/* Begin PBXProject section */
		580AFDC429F8212600E1DAD8 /* Project object */ = {
			isa = PBXProject;
			attributes = {
				BuildIndependentTargetsInParallel = 1;
				LastSwiftUpdateCheck = 1430;
				LastUpgradeCheck = 1430;
				TargetAttributes = {
					580AFDCB29F8212600E1DAD8 = {
						CreatedOnToolsVersion = 14.3;
					};
					580AFDE129F8212700E1DAD8 = {
						CreatedOnToolsVersion = 14.3;
						TestTargetID = 580AFDCB29F8212600E1DAD8;
					};
					580AFDEB29F8212700E1DAD8 = {
						CreatedOnToolsVersion = 14.3;
						TestTargetID = 580AFDCB29F8212600E1DAD8;
					};
				};
			};
			buildConfigurationList = 580AFDC729F8212600E1DAD8 /* Build configuration list for PBXProject "FirstTable" */;
			compatibilityVersion = "Xcode 13.0";
			developmentRegion = en;
			hasScannedForEncodings = 0;
			knownRegions = (
				en,
				Base,
			);
			mainGroup = 580AFDC329F8212600E1DAD8;
			productRefGroup = 580AFDCD29F8212600E1DAD8 /* Products */;
			projectDirPath = "";
			projectRoot = "";
			targets = (
				580AFDCB29F8212600E1DAD8 /* FirstTable */,
				580AFDE129F8212700E1DAD8 /* FirstTableTests */,
				580AFDEB29F8212700E1DAD8 /* FirstTableUITests */,
			);
		};
/* End PBXProject section */

/* Begin PBXResourcesBuildPhase section */
		580AFDCA29F8212600E1DAD8 /* Resources */ = {
			isa = PBXResourcesBuildPhase;
			buildActionMask = 2147483647;
			files = (
				580AFDDC29F8212700E1DAD8 /* LaunchScreen.storyboard in Resources */,
				580AFDD929F8212700E1DAD8 /* Assets.xcassets in Resources */,
				580AFDD729F8212600E1DAD8 /* Main.storyboard in Resources */,
			);
			runOnlyForDeploymentPostprocessing = 0;
		};
		580AFDE029F8212700E1DAD8 /* Resources */ = {
			isa = PBXResourcesBuildPhase;
			buildActionMask = 2147483647;
			files = (
			);
			runOnlyForDeploymentPostprocessing = 0;
		};
		580AFDEA29F8212700E1DAD8 /* Resources */ = {
			isa = PBXResourcesBuildPhase;
			buildActionMask = 2147483647;
			files = (
			);
			runOnlyForDeploymentPostprocessing = 0;
		};
/* End PBXResourcesBuildPhase section */

/* Begin PBXSourcesBuildPhase section */
		580AFDC829F8212600E1DAD8 /* Sources */ = {
			isa = PBXSourcesBuildPhase;
			buildActionMask = 2147483647;
			files = (
				580AFE0029F827A900E1DAD8 /* ViewControllerDistrict.swift in Sources */,
				580AFE0A29F85D4100E1DAD8 /* PresentManager.swift in Sources */,
				580AFDD429F8212600E1DAD8 /* ViewController.swift in Sources */,
				580AFE0229F8350800E1DAD8 /* DataClass.swift in Sources */,
				589142F02A310F7A0092784C /* LocalityModel.swift in Sources */,
				589142EC2A3109DC0092784C /* NetworkManager.swift in Sources */,
				580AFDD029F8212600E1DAD8 /* AppDelegate.swift in Sources */,
				580AFE0C29F8614300E1DAD8 /* ShowImageViewController.swift in Sources */,
				580AFDD229F8212600E1DAD8 /* SceneDelegate.swift in Sources */,
				589142EE2A310A410092784C /* CityModel.swift in Sources */,
				589142F22A32289B0092784C /* CityTableViewCell.swift in Sources */,
			);
			runOnlyForDeploymentPostprocessing = 0;
		};
		580AFDDE29F8212700E1DAD8 /* Sources */ = {
			isa = PBXSourcesBuildPhase;
			buildActionMask = 2147483647;
			files = (
				580AFDE729F8212700E1DAD8 /* FirstTableTests.swift in Sources */,
			);
			runOnlyForDeploymentPostprocessing = 0;
		};
		580AFDE829F8212700E1DAD8 /* Sources */ = {
			isa = PBXSourcesBuildPhase;
			buildActionMask = 2147483647;
			files = (
				580AFDF329F8212700E1DAD8 /* FirstTableUITestsLaunchTests.swift in Sources */,
				580AFDF129F8212700E1DAD8 /* FirstTableUITests.swift in Sources */,
			);
			runOnlyForDeploymentPostprocessing = 0;
		};
/* End PBXSourcesBuildPhase section */

/* Begin PBXTargetDependency section */
		580AFDE429F8212700E1DAD8 /* PBXTargetDependency */ = {
			isa = PBXTargetDependency;
			target = 580AFDCB29F8212600E1DAD8 /* FirstTable */;
			targetProxy = 580AFDE329F8212700E1DAD8 /* PBXContainerItemProxy */;
		};
		580AFDEE29F8212700E1DAD8 /* PBXTargetDependency */ = {
			isa = PBXTargetDependency;
			target = 580AFDCB29F8212600E1DAD8 /* FirstTable */;
			targetProxy = 580AFDED29F8212700E1DAD8 /* PBXContainerItemProxy */;
		};
/* End PBXTargetDependency section */

/* Begin PBXVariantGroup section */
		580AFDD529F8212600E1DAD8 /* Main.storyboard */ = {
			isa = PBXVariantGroup;
			children = (
				580AFDD629F8212600E1DAD8 /* Base */,
			);
			name = Main.storyboard;
			sourceTree = "<group>";
		};
		580AFDDA29F8212700E1DAD8 /* LaunchScreen.storyboard */ = {
			isa = PBXVariantGroup;
			children = (
				580AFDDB29F8212700E1DAD8 /* Base */,
			);
			name = LaunchScreen.storyboard;
			sourceTree = "<group>";
		};
/* End PBXVariantGroup section */

/* Begin XCBuildConfiguration section */
		580AFDF429F8212700E1DAD8 /* Debug */ = {
			isa = XCBuildConfiguration;
			buildSettings = {
				ALWAYS_SEARCH_USER_PATHS = NO;
				CLANG_ANALYZER_NONNULL = YES;
				CLANG_ANALYZER_NUMBER_OBJECT_CONVERSION = YES_AGGRESSIVE;
				CLANG_CXX_LANGUAGE_STANDARD = "gnu++20";
				CLANG_ENABLE_MODULES = YES;
				CLANG_ENABLE_OBJC_ARC = YES;
				CLANG_ENABLE_OBJC_WEAK = YES;
				CLANG_WARN_BLOCK_CAPTURE_AUTORELEASING = YES;
				CLANG_WARN_BOOL_CONVERSION = YES;
				CLANG_WARN_COMMA = YES;
				CLANG_WARN_CONSTANT_CONVERSION = YES;
				CLANG_WARN_DEPRECATED_OBJC_IMPLEMENTATIONS = YES;
				CLANG_WARN_DIRECT_OBJC_ISA_USAGE = YES_ERROR;
				CLANG_WARN_DOCUMENTATION_COMMENTS = YES;
				CLANG_WARN_EMPTY_BODY = YES;
				CLANG_WARN_ENUM_CONVERSION = YES;
				CLANG_WARN_INFINITE_RECURSION = YES;
				CLANG_WARN_INT_CONVERSION = YES;
				CLANG_WARN_NON_LITERAL_NULL_CONVERSION = YES;
				CLANG_WARN_OBJC_IMPLICIT_RETAIN_SELF = YES;
				CLANG_WARN_OBJC_LITERAL_CONVERSION = YES;
				CLANG_WARN_OBJC_ROOT_CLASS = YES_ERROR;
				CLANG_WARN_QUOTED_INCLUDE_IN_FRAMEWORK_HEADER = YES;
				CLANG_WARN_RANGE_LOOP_ANALYSIS = YES;
				CLANG_WARN_STRICT_PROTOTYPES = YES;
				CLANG_WARN_SUSPICIOUS_MOVE = YES;
				CLANG_WARN_UNGUARDED_AVAILABILITY = YES_AGGRESSIVE;
				CLANG_WARN_UNREACHABLE_CODE = YES;
				CLANG_WARN__DUPLICATE_METHOD_MATCH = YES;
				COPY_PHASE_STRIP = NO;
				DEBUG_INFORMATION_FORMAT = dwarf;
				ENABLE_STRICT_OBJC_MSGSEND = YES;
				ENABLE_TESTABILITY = YES;
				GCC_C_LANGUAGE_STANDARD = gnu11;
				GCC_DYNAMIC_NO_PIC = NO;
				GCC_NO_COMMON_BLOCKS = YES;
				GCC_OPTIMIZATION_LEVEL = 0;
				GCC_PREPROCESSOR_DEFINITIONS = (
					"DEBUG=1",
					"$(inherited)",
				);
				GCC_WARN_64_TO_32_BIT_CONVERSION = YES;
				GCC_WARN_ABOUT_RETURN_TYPE = YES_ERROR;
				GCC_WARN_UNDECLARED_SELECTOR = YES;
				GCC_WARN_UNINITIALIZED_AUTOS = YES_AGGRESSIVE;
				GCC_WARN_UNUSED_FUNCTION = YES;
				GCC_WARN_UNUSED_VARIABLE = YES;
				IPHONEOS_DEPLOYMENT_TARGET = 16.4;
				MTL_ENABLE_DEBUG_INFO = INCLUDE_SOURCE;
				MTL_FAST_MATH = YES;
				ONLY_ACTIVE_ARCH = YES;
				SDKROOT = iphoneos;
				SWIFT_ACTIVE_COMPILATION_CONDITIONS = DEBUG;
				SWIFT_OPTIMIZATION_LEVEL = "-Onone";
			};
			name = Debug;
		};
		580AFDF529F8212700E1DAD8 /* Release */ = {
			isa = XCBuildConfiguration;
			buildSettings = {
				ALWAYS_SEARCH_USER_PATHS = NO;
				CLANG_ANALYZER_NONNULL = YES;
				CLANG_ANALYZER_NUMBER_OBJECT_CONVERSION = YES_AGGRESSIVE;
				CLANG_CXX_LANGUAGE_STANDARD = "gnu++20";
				CLANG_ENABLE_MODULES = YES;
				CLANG_ENABLE_OBJC_ARC = YES;
				CLANG_ENABLE_OBJC_WEAK = YES;
				CLANG_WARN_BLOCK_CAPTURE_AUTORELEASING = YES;
				CLANG_WARN_BOOL_CONVERSION = YES;
				CLANG_WARN_COMMA = YES;
				CLANG_WARN_CONSTANT_CONVERSION = YES;
				CLANG_WARN_DEPRECATED_OBJC_IMPLEMENTATIONS = YES;
				CLANG_WARN_DIRECT_OBJC_ISA_USAGE = YES_ERROR;
				CLANG_WARN_DOCUMENTATION_COMMENTS = YES;
				CLANG_WARN_EMPTY_BODY = YES;
				CLANG_WARN_ENUM_CONVERSION = YES;
				CLANG_WARN_INFINITE_RECURSION = YES;
				CLANG_WARN_INT_CONVERSION = YES;
				CLANG_WARN_NON_LITERAL_NULL_CONVERSION = YES;
				CLANG_WARN_OBJC_IMPLICIT_RETAIN_SELF = YES;
				CLANG_WARN_OBJC_LITERAL_CONVERSION = YES;
				CLANG_WARN_OBJC_ROOT_CLASS = YES_ERROR;
				CLANG_WARN_QUOTED_INCLUDE_IN_FRAMEWORK_HEADER = YES;
				CLANG_WARN_RANGE_LOOP_ANALYSIS = YES;
				CLANG_WARN_STRICT_PROTOTYPES = YES;
				CLANG_WARN_SUSPICIOUS_MOVE = YES;
				CLANG_WARN_UNGUARDED_AVAILABILITY = YES_AGGRESSIVE;
				CLANG_WARN_UNREACHABLE_CODE = YES;
				CLANG_WARN__DUPLICATE_METHOD_MATCH = YES;
				COPY_PHASE_STRIP = NO;
				DEBUG_INFORMATION_FORMAT = "dwarf-with-dsym";
				ENABLE_NS_ASSERTIONS = NO;
				ENABLE_STRICT_OBJC_MSGSEND = YES;
				GCC_C_LANGUAGE_STANDARD = gnu11;
				GCC_NO_COMMON_BLOCKS = YES;
				GCC_WARN_64_TO_32_BIT_CONVERSION = YES;
				GCC_WARN_ABOUT_RETURN_TYPE = YES_ERROR;
				GCC_WARN_UNDECLARED_SELECTOR = YES;
				GCC_WARN_UNINITIALIZED_AUTOS = YES_AGGRESSIVE;
				GCC_WARN_UNUSED_FUNCTION = YES;
				GCC_WARN_UNUSED_VARIABLE = YES;
				IPHONEOS_DEPLOYMENT_TARGET = 16.4;
				MTL_ENABLE_DEBUG_INFO = NO;
				MTL_FAST_MATH = YES;
				SDKROOT = iphoneos;
				SWIFT_COMPILATION_MODE = wholemodule;
				SWIFT_OPTIMIZATION_LEVEL = "-O";
				VALIDATE_PRODUCT = YES;
			};
			name = Release;
		};
		580AFDF729F8212700E1DAD8 /* Debug */ = {
			isa = XCBuildConfiguration;
			buildSettings = {
				ASSETCATALOG_COMPILER_APPICON_NAME = AppIcon;
				ASSETCATALOG_COMPILER_GLOBAL_ACCENT_COLOR_NAME = AccentColor;
				CODE_SIGN_STYLE = Automatic;
				CURRENT_PROJECT_VERSION = 1;
				DEVELOPMENT_TEAM = GCH2JZL7P2;
				GENERATE_INFOPLIST_FILE = YES;
				INFOPLIST_FILE = FirstTable/Info.plist;
				INFOPLIST_KEY_UIApplicationSupportsIndirectInputEvents = YES;
				INFOPLIST_KEY_UILaunchStoryboardName = LaunchScreen;
				INFOPLIST_KEY_UIMainStoryboardFile = Main;
				INFOPLIST_KEY_UISupportedInterfaceOrientations_iPad = "UIInterfaceOrientationPortrait UIInterfaceOrientationPortraitUpsideDown UIInterfaceOrientationLandscapeLeft UIInterfaceOrientationLandscapeRight";
				INFOPLIST_KEY_UISupportedInterfaceOrientations_iPhone = "UIInterfaceOrientationPortrait UIInterfaceOrientationLandscapeLeft UIInterfaceOrientationLandscapeRight";
				IPHONEOS_DEPLOYMENT_TARGET = 15.2;
				LD_RUNPATH_SEARCH_PATHS = (
					"$(inherited)",
					"@executable_path/Frameworks",
				);
				MARKETING_VERSION = 1.0;
				PRODUCT_BUNDLE_IDENTIFIER = "Suvendu-Kumar.FirstTable";
				PRODUCT_NAME = "$(TARGET_NAME)";
				SWIFT_EMIT_LOC_STRINGS = YES;
				SWIFT_VERSION = 5.0;
				TARGETED_DEVICE_FAMILY = "1,2";
			};
			name = Debug;
		};
		580AFDF829F8212700E1DAD8 /* Release */ = {
			isa = XCBuildConfiguration;
			buildSettings = {
				ASSETCATALOG_COMPILER_APPICON_NAME = AppIcon;
				ASSETCATALOG_COMPILER_GLOBAL_ACCENT_COLOR_NAME = AccentColor;
				CODE_SIGN_STYLE = Automatic;
				CURRENT_PROJECT_VERSION = 1;
				DEVELOPMENT_TEAM = GCH2JZL7P2;
				GENERATE_INFOPLIST_FILE = YES;
				INFOPLIST_FILE = FirstTable/Info.plist;
				INFOPLIST_KEY_UIApplicationSupportsIndirectInputEvents = YES;
				INFOPLIST_KEY_UILaunchStoryboardName = LaunchScreen;
				INFOPLIST_KEY_UIMainStoryboardFile = Main;
				INFOPLIST_KEY_UISupportedInterfaceOrientations_iPad = "UIInterfaceOrientationPortrait UIInterfaceOrientationPortraitUpsideDown UIInterfaceOrientationLandscapeLeft UIInterfaceOrientationLandscapeRight";
				INFOPLIST_KEY_UISupportedInterfaceOrientations_iPhone = "UIInterfaceOrientationPortrait UIInterfaceOrientationLandscapeLeft UIInterfaceOrientationLandscapeRight";
				IPHONEOS_DEPLOYMENT_TARGET = 15.2;
				LD_RUNPATH_SEARCH_PATHS = (
					"$(inherited)",
					"@executable_path/Frameworks",
				);
				MARKETING_VERSION = 1.0;
				PRODUCT_BUNDLE_IDENTIFIER = "Suvendu-Kumar.FirstTable";
				PRODUCT_NAME = "$(TARGET_NAME)";
				SWIFT_EMIT_LOC_STRINGS = YES;
				SWIFT_VERSION = 5.0;
				TARGETED_DEVICE_FAMILY = "1,2";
			};
			name = Release;
		};
		580AFDFA29F8212700E1DAD8 /* Debug */ = {
			isa = XCBuildConfiguration;
			buildSettings = {
				ALWAYS_EMBED_SWIFT_STANDARD_LIBRARIES = YES;
				BUNDLE_LOADER = "$(TEST_HOST)";
				CODE_SIGN_STYLE = Automatic;
				CURRENT_PROJECT_VERSION = 1;
				GENERATE_INFOPLIST_FILE = YES;
				IPHONEOS_DEPLOYMENT_TARGET = 16.4;
				MARKETING_VERSION = 1.0;
				PRODUCT_BUNDLE_IDENTIFIER = "Suvendu-Kumar.FirstTableTests";
				PRODUCT_NAME = "$(TARGET_NAME)";
				SWIFT_EMIT_LOC_STRINGS = NO;
				SWIFT_VERSION = 5.0;
				TARGETED_DEVICE_FAMILY = "1,2";
				TEST_HOST = "$(BUILT_PRODUCTS_DIR)/FirstTable.app/$(BUNDLE_EXECUTABLE_FOLDER_PATH)/FirstTable";
			};
			name = Debug;
		};
		580AFDFB29F8212700E1DAD8 /* Release */ = {
			isa = XCBuildConfiguration;
			buildSettings = {
				ALWAYS_EMBED_SWIFT_STANDARD_LIBRARIES = YES;
				BUNDLE_LOADER = "$(TEST_HOST)";
				CODE_SIGN_STYLE = Automatic;
				CURRENT_PROJECT_VERSION = 1;
				GENERATE_INFOPLIST_FILE = YES;
				IPHONEOS_DEPLOYMENT_TARGET = 16.4;
				MARKETING_VERSION = 1.0;
				PRODUCT_BUNDLE_IDENTIFIER = "Suvendu-Kumar.FirstTableTests";
				PRODUCT_NAME = "$(TARGET_NAME)";
				SWIFT_EMIT_LOC_STRINGS = NO;
				SWIFT_VERSION = 5.0;
				TARGETED_DEVICE_FAMILY = "1,2";
				TEST_HOST = "$(BUILT_PRODUCTS_DIR)/FirstTable.app/$(BUNDLE_EXECUTABLE_FOLDER_PATH)/FirstTable";
			};
			name = Release;
		};
		580AFDFD29F8212700E1DAD8 /* Debug */ = {
			isa = XCBuildConfiguration;
			buildSettings = {
				ALWAYS_EMBED_SWIFT_STANDARD_LIBRARIES = YES;
				CODE_SIGN_STYLE = Automatic;
				CURRENT_PROJECT_VERSION = 1;
				GENERATE_INFOPLIST_FILE = YES;
				MARKETING_VERSION = 1.0;
				PRODUCT_BUNDLE_IDENTIFIER = "Suvendu-Kumar.FirstTableUITests";
				PRODUCT_NAME = "$(TARGET_NAME)";
				SWIFT_EMIT_LOC_STRINGS = NO;
				SWIFT_VERSION = 5.0;
				TARGETED_DEVICE_FAMILY = "1,2";
				TEST_TARGET_NAME = FirstTable;
			};
			name = Debug;
		};
		580AFDFE29F8212700E1DAD8 /* Release */ = {
			isa = XCBuildConfiguration;
			buildSettings = {
				ALWAYS_EMBED_SWIFT_STANDARD_LIBRARIES = YES;
				CODE_SIGN_STYLE = Automatic;
				CURRENT_PROJECT_VERSION = 1;
				GENERATE_INFOPLIST_FILE = YES;
				MARKETING_VERSION = 1.0;
				PRODUCT_BUNDLE_IDENTIFIER = "Suvendu-Kumar.FirstTableUITests";
				PRODUCT_NAME = "$(TARGET_NAME)";
				SWIFT_EMIT_LOC_STRINGS = NO;
				SWIFT_VERSION = 5.0;
				TARGETED_DEVICE_FAMILY = "1,2";
				TEST_TARGET_NAME = FirstTable;
			};
			name = Release;
		};
/* End XCBuildConfiguration section */

/* Begin XCConfigurationList section */
		580AFDC729F8212600E1DAD8 /* Build configuration list for PBXProject "FirstTable" */ = {
			isa = XCConfigurationList;
			buildConfigurations = (
				580AFDF429F8212700E1DAD8 /* Debug */,
				580AFDF529F8212700E1DAD8 /* Release */,
			);
			defaultConfigurationIsVisible = 0;
			defaultConfigurationName = Release;
		};
		580AFDF629F8212700E1DAD8 /* Build configuration list for PBXNativeTarget "FirstTable" */ = {
			isa = XCConfigurationList;
			buildConfigurations = (
				580AFDF729F8212700E1DAD8 /* Debug */,
				580AFDF829F8212700E1DAD8 /* Release */,
			);
			defaultConfigurationIsVisible = 0;
			defaultConfigurationName = Release;
		};
		580AFDF929F8212700E1DAD8 /* Build configuration list for PBXNativeTarget "FirstTableTests" */ = {
			isa = XCConfigurationList;
			buildConfigurations = (
				580AFDFA29F8212700E1DAD8 /* Debug */,
				580AFDFB29F8212700E1DAD8 /* Release */,
			);
			defaultConfigurationIsVisible = 0;
			defaultConfigurationName = Release;
		};
		580AFDFC29F8212700E1DAD8 /* Build configuration list for PBXNativeTarget "FirstTableUITests" */ = {
			isa = XCConfigurationList;
			buildConfigurations = (
				580AFDFD29F8212700E1DAD8 /* Debug */,
				580AFDFE29F8212700E1DAD8 /* Release */,
			);
			defaultConfigurationIsVisible = 0;
			defaultConfigurationName = Release;
		};
/* End XCConfigurationList section */
	};
	rootObject = 580AFDC429F8212600E1DAD8 /* Project object */;
}
